
Microsoft Visual Studio Solution File, Format Version 12.00
# Visual Studio Version 17
VisualStudioVersion = 17.0.31512.422
MinimumVisualStudioVersion = 10.0.40219.1
Project("{FAE04EC0-301F-11D3-BF4B-00C04F79EFBC}") = "Data", "Data\Data.csproj", "{BB1E80DE-E6D1-4E29-BC2D-DB66B81163C5}"
EndProject
Project("{FAE04EC0-301F-11D3-BF4B-00C04F79EFBC}") = "MVVMSchoolManagmentSystem", "MVVMSchoolManagmentSystem\MVVMSchoolManagmentSystem.csproj", "{0A69965E-2D37-440C-8B05-9E730224A8F9}"
EndProject
Global
	GlobalSection(SolutionConfigurationPlatforms) = preSolution
		Debug|Any CPU = Debug|Any CPU
		Release|Any CPU = Release|Any CPU
	EndGlobalSection
	GlobalSection(ProjectConfigurationPlatforms) = postSolution
		{BB1E80DE-E6D1-4E29-BC2D-DB66B81163C5}.Debug|Any CPU.ActiveCfg = Debug|Any CPU
		{BB1E80DE-E6D1-4E29-BC2D-DB66B81163C5}.Debug|Any CPU.Build.0 = Debug|Any CPU
		{BB1E80DE-E6D1-4E29-BC2D-DB66B81163C5}.Release|Any CPU.ActiveCfg = Release|Any CPU
		{BB1E80DE-E6D1-4E29-BC2D-DB66B81163C5}.Release|Any CPU.Build.0 = Release|Any CPU
		{0A69965E-2D37-440C-8B05-9E730224A8F9}.Debug|Any CPU.ActiveCfg = Debug|Any CPU
		{0A69965E-2D37-440C-8B05-9E730224A8F9}.Debug|Any CPU.Build.0 = Debug|Any CPU
		{0A69965E-2D37-440C-8B05-9E730224A8F9}.Release|Any CPU.ActiveCfg = Release|Any CPU
		{0A69965E-2D37-440C-8B05-9E730224A8F9}.Release|Any CPU.Build.0 = Release|Any CPU
	EndGlobalSection
	GlobalSection(SolutionProperties) = preSolution
		HideSolutionNode = FALSE
	EndGlobalSection
	GlobalSection(ExtensibilityGlobals) = postSolution
		SolutionGuid = {00A3102B-1CCC-4AD1-AE2D-9BFAF519A9B4}
	EndGlobalSection
EndGlobal
